# THIS IS AN AUTOGENERATED FILE. DO NOT EDIT THIS FILE DIRECTLY.
# yarn lockfile v1


"@ethersproject/abi@^5.4.0", "@ethersproject/abi@5.4.1":
  "integrity" "sha512-9mhbjUk76BiSluiiW4BaYyI58KSbDMMQpCLdsAR+RsT2GyATiNYxVv+pGWRrekmsIdY3I+hOqsYQSTkc8L/mcg=="
  "resolved" "https://registry.npmjs.org/@ethersproject/abi/-/abi-5.4.1.tgz"
  "version" "5.4.1"
  dependencies:
    "@ethersproject/address" "^5.4.0"
    "@ethersproject/bignumber" "^5.4.0"
    "@ethersproject/bytes" "^5.4.0"
    "@ethersproject/constants" "^5.4.0"
    "@ethersproject/hash" "^5.4.0"
    "@ethersproject/keccak256" "^5.4.0"
    "@ethersproject/logger" "^5.4.0"
    "@ethersproject/properties" "^5.4.0"
    "@ethersproject/strings" "^5.4.0"

"@ethersproject/abstract-provider@^5.4.0", "@ethersproject/abstract-provider@5.4.1":
  "integrity" "sha512-3EedfKI3LVpjSKgAxoUaI+gB27frKsxzm+r21w9G60Ugk+3wVLQwhi1LsEJAKNV7WoZc8CIpNrATlL1QFABjtQ=="
  "resolved" "https://registry.npmjs.org/@ethersproject/abstract-provider/-/abstract-provider-5.4.1.tgz"
  "version" "5.4.1"
  dependencies:
    "@ethersproject/bignumber" "^5.4.0"
    "@ethersproject/bytes" "^5.4.0"
    "@ethersproject/logger" "^5.4.0"
    "@ethersproject/networks" "^5.4.0"
    "@ethersproject/properties" "^5.4.0"
    "@ethersproject/transactions" "^5.4.0"
    "@ethersproject/web" "^5.4.0"

"@ethersproject/abstract-signer@^5.4.0", "@ethersproject/abstract-signer@5.4.1":
  "integrity" "sha512-SkkFL5HVq1k4/25dM+NWP9MILgohJCgGv5xT5AcRruGz4ILpfHeBtO/y6j+Z3UN/PAjDeb4P7E51Yh8wcGNLGA=="
  "resolved" "https://registry.npmjs.org/@ethersproject/abstract-signer/-/abstract-signer-5.4.1.tgz"
  "version" "5.4.1"
  dependencies:
    "@ethersproject/abstract-provider" "^5.4.0"
    "@ethersproject/bignumber" "^5.4.0"
    "@ethersproject/bytes" "^5.4.0"
    "@ethersproject/logger" "^5.4.0"
    "@ethersproject/properties" "^5.4.0"

"@ethersproject/address@^5.4.0", "@ethersproject/address@5.4.0":
  "integrity" "sha512-SD0VgOEkcACEG/C6xavlU1Hy3m5DGSXW3CUHkaaEHbAPPsgi0coP5oNPsxau8eTlZOk/bpa/hKeCNoK5IzVI2Q=="
  "resolved" "https://registry.npmjs.org/@ethersproject/address/-/address-5.4.0.tgz"
  "version" "5.4.0"
  dependencies:
    "@ethersproject/bignumber" "^5.4.0"
    "@ethersproject/bytes" "^5.4.0"
    "@ethersproject/keccak256" "^5.4.0"
    "@ethersproject/logger" "^5.4.0"
    "@ethersproject/rlp" "^5.4.0"

"@ethersproject/base64@^5.4.0", "@ethersproject/base64@5.4.0":
  "integrity" "sha512-CjQw6E17QDSSC5jiM9YpF7N1aSCHmYGMt9bWD8PWv6YPMxjsys2/Q8xLrROKI3IWJ7sFfZ8B3flKDTM5wlWuZQ=="
  "resolved" "https://registry.npmjs.org/@ethersproject/base64/-/base64-5.4.0.tgz"
  "version" "5.4.0"
  dependencies:
    "@ethersproject/bytes" "^5.4.0"

"@ethersproject/basex@^5.4.0", "@ethersproject/basex@5.4.0":
  "integrity" "sha512-J07+QCVJ7np2bcpxydFVf/CuYo9mZ7T73Pe7KQY4c1lRlrixMeblauMxHXD0MPwFmUHZIILDNViVkykFBZylbg=="
  "resolved" "https://registry.npmjs.org/@ethersproject/basex/-/basex-5.4.0.tgz"
  "version" "5.4.0"
  dependencies:
    "@ethersproject/bytes" "^5.4.0"
    "@ethersproject/properties" "^5.4.0"

"@ethersproject/bignumber@^5.4.0", "@ethersproject/bignumber@5.4.2":
  "integrity" "sha512-oIBDhsKy5bs7j36JlaTzFgNPaZjiNDOXsdSgSpXRucUl+UA6L/1YLlFeI3cPAoodcenzF4nxNPV13pcy7XbWjA=="
  "resolved" "https://registry.npmjs.org/@ethersproject/bignumber/-/bignumber-5.4.2.tgz"
  "version" "5.4.2"
  dependencies:
    "@ethersproject/bytes" "^5.4.0"
    "@ethersproject/logger" "^5.4.0"
    "bn.js" "^4.11.9"

"@ethersproject/bytes@^5.4.0", "@ethersproject/bytes@5.4.0":
  "integrity" "sha512-H60ceqgTHbhzOj4uRc/83SCN9d+BSUnOkrr2intevqdtEMO1JFVZ1XL84OEZV+QjV36OaZYxtnt4lGmxcGsPfA=="
  "resolved" "https://registry.npmjs.org/@ethersproject/bytes/-/bytes-5.4.0.tgz"
  "version" "5.4.0"
  dependencies:
    "@ethersproject/logger" "^5.4.0"

"@ethersproject/constants@^5.4.0", "@ethersproject/constants@5.4.0":
  "integrity" "sha512-tzjn6S7sj9+DIIeKTJLjK9WGN2Tj0P++Z8ONEIlZjyoTkBuODN+0VfhAyYksKi43l1Sx9tX2VlFfzjfmr5Wl3Q=="
  "resolved" "https://registry.npmjs.org/@ethersproject/constants/-/constants-5.4.0.tgz"
  "version" "5.4.0"
  dependencies:
    "@ethersproject/bignumber" "^5.4.0"

"@ethersproject/contracts@5.4.1":
  "integrity" "sha512-m+z2ZgPy4pyR15Je//dUaymRUZq5MtDajF6GwFbGAVmKz/RF+DNIPwF0k5qEcL3wPGVqUjFg2/krlCRVTU4T5w=="
  "resolved" "https://registry.npmjs.org/@ethersproject/contracts/-/contracts-5.4.1.tgz"
  "version" "5.4.1"
  dependencies:
    "@ethersproject/abi" "^5.4.0"
    "@ethersproject/abstract-provider" "^5.4.0"
    "@ethersproject/abstract-signer" "^5.4.0"
    "@ethersproject/address" "^5.4.0"
    "@ethersproject/bignumber" "^5.4.0"
    "@ethersproject/bytes" "^5.4.0"
    "@ethersproject/constants" "^5.4.0"
    "@ethersproject/logger" "^5.4.0"
    "@ethersproject/properties" "^5.4.0"
    "@ethersproject/transactions" "^5.4.0"

"@ethersproject/hash@^5.4.0", "@ethersproject/hash@5.4.0":
  "integrity" "sha512-xymAM9tmikKgbktOCjW60Z5sdouiIIurkZUr9oW5NOex5uwxrbsYG09kb5bMcNjlVeJD3yPivTNzViIs1GCbqA=="
  "resolved" "https://registry.npmjs.org/@ethersproject/hash/-/hash-5.4.0.tgz"
  "version" "5.4.0"
  dependencies:
    "@ethersproject/abstract-signer" "^5.4.0"
    "@ethersproject/address" "^5.4.0"
    "@ethersproject/bignumber" "^5.4.0"
    "@ethersproject/bytes" "^5.4.0"
    "@ethersproject/keccak256" "^5.4.0"
    "@ethersproject/logger" "^5.4.0"
    "@ethersproject/properties" "^5.4.0"
    "@ethersproject/strings" "^5.4.0"

"@ethersproject/hdnode@^5.4.0", "@ethersproject/hdnode@5.4.0":
  "integrity" "sha512-pKxdS0KAaeVGfZPp1KOiDLB0jba11tG6OP1u11QnYfb7pXn6IZx0xceqWRr6ygke8+Kw74IpOoSi7/DwANhy8Q=="
  "resolved" "https://registry.npmjs.org/@ethersproject/hdnode/-/hdnode-5.4.0.tgz"
  "version" "5.4.0"
  dependencies:
    "@ethersproject/abstract-signer" "^5.4.0"
    "@ethersproject/basex" "^5.4.0"
    "@ethersproject/bignumber" "^5.4.0"
    "@ethersproject/bytes" "^5.4.0"
    "@ethersproject/logger" "^5.4.0"
    "@ethersproject/pbkdf2" "^5.4.0"
    "@ethersproject/properties" "^5.4.0"
    "@ethersproject/sha2" "^5.4.0"
    "@ethersproject/signing-key" "^5.4.0"
    "@ethersproject/strings" "^5.4.0"
    "@ethersproject/transactions" "^5.4.0"
    "@ethersproject/wordlists" "^5.4.0"

"@ethersproject/json-wallets@^5.4.0", "@ethersproject/json-wallets@5.4.0":
  "integrity" "sha512-igWcu3fx4aiczrzEHwG1xJZo9l1cFfQOWzTqwRw/xcvxTk58q4f9M7cjh51EKphMHvrJtcezJ1gf1q1AUOfEQQ=="
  "resolved" "https://registry.npmjs.org/@ethersproject/json-wallets/-/json-wallets-5.4.0.tgz"
  "version" "5.4.0"
  dependencies:
    "@ethersproject/abstract-signer" "^5.4.0"
    "@ethersproject/address" "^5.4.0"
    "@ethersproject/bytes" "^5.4.0"
    "@ethersproject/hdnode" "^5.4.0"
    "@ethersproject/keccak256" "^5.4.0"
    "@ethersproject/logger" "^5.4.0"
    "@ethersproject/pbkdf2" "^5.4.0"
    "@ethersproject/properties" "^5.4.0"
    "@ethersproject/random" "^5.4.0"
    "@ethersproject/strings" "^5.4.0"
    "@ethersproject/transactions" "^5.4.0"
    "aes-js" "3.0.0"
    "scrypt-js" "3.0.1"

"@ethersproject/keccak256@^5.4.0", "@ethersproject/keccak256@5.4.0":
  "integrity" "sha512-FBI1plWet+dPUvAzPAeHzRKiPpETQzqSUWR1wXJGHVWi4i8bOSrpC3NwpkPjgeXG7MnugVc1B42VbfnQikyC/A=="
  "resolved" "https://registry.npmjs.org/@ethersproject/keccak256/-/keccak256-5.4.0.tgz"
  "version" "5.4.0"
  dependencies:
    "@ethersproject/bytes" "^5.4.0"
    "js-sha3" "0.5.7"

"@ethersproject/logger@^5.4.0", "@ethersproject/logger@5.4.1":
  "integrity" "sha512-DZ+bRinnYLPw1yAC64oRl0QyVZj43QeHIhVKfD/+YwSz4wsv1pfwb5SOFjz+r710YEWzU6LrhuSjpSO+6PeE4A=="
  "resolved" "https://registry.npmjs.org/@ethersproject/logger/-/logger-5.4.1.tgz"
  "version" "5.4.1"

"@ethersproject/networks@^5.4.0", "@ethersproject/networks@5.4.2":
  "integrity" "sha512-eekOhvJyBnuibfJnhtK46b8HimBc5+4gqpvd1/H9LEl7Q7/qhsIhM81dI9Fcnjpk3jB1aTy6bj0hz3cifhNeYw=="
  "resolved" "https://registry.npmjs.org/@ethersproject/networks/-/networks-5.4.2.tgz"
  "version" "5.4.2"
  dependencies:
    "@ethersproject/logger" "^5.4.0"

"@ethersproject/pbkdf2@^5.4.0", "@ethersproject/pbkdf2@5.4.0":
  "integrity" "sha512-x94aIv6tiA04g6BnazZSLoRXqyusawRyZWlUhKip2jvoLpzJuLb//KtMM6PEovE47pMbW+Qe1uw+68ameJjB7g=="
  "resolved" "https://registry.npmjs.org/@ethersproject/pbkdf2/-/pbkdf2-5.4.0.tgz"
  "version" "5.4.0"
  dependencies:
    "@ethersproject/bytes" "^5.4.0"
    "@ethersproject/sha2" "^5.4.0"

"@ethersproject/properties@^5.4.0", "@ethersproject/properties@5.4.1":
  "integrity" "sha512-cyCGlF8wWlIZyizsj2PpbJ9I7rIlUAfnHYwy/T90pdkSn/NFTa5YWZx2wTJBe9V7dD65dcrrEMisCRUJiq6n3w=="
  "resolved" "https://registry.npmjs.org/@ethersproject/properties/-/properties-5.4.1.tgz"
  "version" "5.4.1"
  dependencies:
    "@ethersproject/logger" "^5.4.0"

"@ethersproject/providers@5.4.5":
  "integrity" "sha512-1GkrvkiAw3Fj28cwi1Sqm8ED1RtERtpdXmRfwIBGmqBSN5MoeRUHuwHPppMtbPayPgpFcvD7/Gdc9doO5fGYgw=="
  "resolved" "https://registry.npmjs.org/@ethersproject/providers/-/providers-5.4.5.tgz"
  "version" "5.4.5"
  dependencies:
    "@ethersproject/abstract-provider" "^5.4.0"
    "@ethersproject/abstract-signer" "^5.4.0"
    "@ethersproject/address" "^5.4.0"
    "@ethersproject/basex" "^5.4.0"
    "@ethersproject/bignumber" "^5.4.0"
    "@ethersproject/bytes" "^5.4.0"
    "@ethersproject/constants" "^5.4.0"
    "@ethersproject/hash" "^5.4.0"
    "@ethersproject/logger" "^5.4.0"
    "@ethersproject/networks" "^5.4.0"
    "@ethersproject/properties" "^5.4.0"
    "@ethersproject/random" "^5.4.0"
    "@ethersproject/rlp" "^5.4.0"
    "@ethersproject/sha2" "^5.4.0"
    "@ethersproject/strings" "^5.4.0"
    "@ethersproject/transactions" "^5.4.0"
    "@ethersproject/web" "^5.4.0"
    "bech32" "1.1.4"
    "ws" "7.4.6"

"@ethersproject/random@^5.4.0", "@ethersproject/random@5.4.0":
  "integrity" "sha512-pnpWNQlf0VAZDEOVp1rsYQosmv2o0ITS/PecNw+mS2/btF8eYdspkN0vIXrCMtkX09EAh9bdk8GoXmFXM1eAKw=="
  "resolved" "https://registry.npmjs.org/@ethersproject/random/-/random-5.4.0.tgz"
  "version" "5.4.0"
  dependencies:
    "@ethersproject/bytes" "^5.4.0"
    "@ethersproject/logger" "^5.4.0"

"@ethersproject/rlp@^5.4.0", "@ethersproject/rlp@5.4.0":
  "integrity" "sha512-0I7MZKfi+T5+G8atId9QaQKHRvvasM/kqLyAH4XxBCBchAooH2EX5rL9kYZWwcm3awYV+XC7VF6nLhfeQFKVPg=="
  "resolved" "https://registry.npmjs.org/@ethersproject/rlp/-/rlp-5.4.0.tgz"
  "version" "5.4.0"
  dependencies:
    "@ethersproject/bytes" "^5.4.0"
    "@ethersproject/logger" "^5.4.0"

"@ethersproject/sha2@^5.4.0", "@ethersproject/sha2@5.4.0":
  "integrity" "sha512-siheo36r1WD7Cy+bDdE1BJ8y0bDtqXCOxRMzPa4bV1TGt/eTUUt03BHoJNB6reWJD8A30E/pdJ8WFkq+/uz4Gg=="
  "resolved" "https://registry.npmjs.org/@ethersproject/sha2/-/sha2-5.4.0.tgz"
  "version" "5.4.0"
  dependencies:
    "@ethersproject/bytes" "^5.4.0"
    "@ethersproject/logger" "^5.4.0"
    "hash.js" "1.1.7"

"@ethersproject/signing-key@^5.4.0", "@ethersproject/signing-key@5.4.0":
  "integrity" "sha512-q8POUeywx6AKg2/jX9qBYZIAmKSB4ubGXdQ88l40hmATj29JnG5pp331nAWwwxPn2Qao4JpWHNZsQN+bPiSW9A=="
  "resolved" "https://registry.npmjs.org/@ethersproject/signing-key/-/signing-key-5.4.0.tgz"
  "version" "5.4.0"
  dependencies:
    "@ethersproject/bytes" "^5.4.0"
    "@ethersproject/logger" "^5.4.0"
    "@ethersproject/properties" "^5.4.0"
    "bn.js" "^4.11.9"
    "elliptic" "6.5.4"
    "hash.js" "1.1.7"

"@ethersproject/solidity@5.4.0":
  "integrity" "sha512-XFQTZ7wFSHOhHcV1DpcWj7VXECEiSrBuv7JErJvB9Uo+KfCdc3QtUZV+Vjh/AAaYgezUEKbCtE6Khjm44seevQ=="
  "resolved" "https://registry.npmjs.org/@ethersproject/solidity/-/solidity-5.4.0.tgz"
  "version" "5.4.0"
  dependencies:
    "@ethersproject/bignumber" "^5.4.0"
    "@ethersproject/bytes" "^5.4.0"
    "@ethersproject/keccak256" "^5.4.0"
    "@ethersproject/sha2" "^5.4.0"
    "@ethersproject/strings" "^5.4.0"

"@ethersproject/strings@^5.4.0", "@ethersproject/strings@5.4.0":
  "integrity" "sha512-k/9DkH5UGDhv7aReXLluFG5ExurwtIpUfnDNhQA29w896Dw3i4uDTz01Quaptbks1Uj9kI8wo9tmW73wcIEaWA=="
  "resolved" "https://registry.npmjs.org/@ethersproject/strings/-/strings-5.4.0.tgz"
  "version" "5.4.0"
  dependencies:
    "@ethersproject/bytes" "^5.4.0"
    "@ethersproject/constants" "^5.4.0"
    "@ethersproject/logger" "^5.4.0"

"@ethersproject/transactions@^5.4.0", "@ethersproject/transactions@5.4.0":
  "integrity" "sha512-s3EjZZt7xa4BkLknJZ98QGoIza94rVjaEed0rzZ/jB9WrIuu/1+tjvYCWzVrystXtDswy7TPBeIepyXwSYa4WQ=="
  "resolved" "https://registry.npmjs.org/@ethersproject/transactions/-/transactions-5.4.0.tgz"
  "version" "5.4.0"
  dependencies:
    "@ethersproject/address" "^5.4.0"
    "@ethersproject/bignumber" "^5.4.0"
    "@ethersproject/bytes" "^5.4.0"
    "@ethersproject/constants" "^5.4.0"
    "@ethersproject/keccak256" "^5.4.0"
    "@ethersproject/logger" "^5.4.0"
    "@ethersproject/properties" "^5.4.0"
    "@ethersproject/rlp" "^5.4.0"
    "@ethersproject/signing-key" "^5.4.0"

"@ethersproject/units@5.4.0":
  "integrity" "sha512-Z88krX40KCp+JqPCP5oPv5p750g+uU6gopDYRTBGcDvOASh6qhiEYCRatuM/suC4S2XW9Zz90QI35MfSrTIaFg=="
  "resolved" "https://registry.npmjs.org/@ethersproject/units/-/units-5.4.0.tgz"
  "version" "5.4.0"
  dependencies:
    "@ethersproject/bignumber" "^5.4.0"
    "@ethersproject/constants" "^5.4.0"
    "@ethersproject/logger" "^5.4.0"

"@ethersproject/wallet@5.4.0":
  "integrity" "sha512-wU29majLjM6AjCjpat21mPPviG+EpK7wY1+jzKD0fg3ui5fgedf2zEu1RDgpfIMsfn8fJHJuzM4zXZ2+hSHaSQ=="
  "resolved" "https://registry.npmjs.org/@ethersproject/wallet/-/wallet-5.4.0.tgz"
  "version" "5.4.0"
  dependencies:
    "@ethersproject/abstract-provider" "^5.4.0"
    "@ethersproject/abstract-signer" "^5.4.0"
    "@ethersproject/address" "^5.4.0"
    "@ethersproject/bignumber" "^5.4.0"
    "@ethersproject/bytes" "^5.4.0"
    "@ethersproject/hash" "^5.4.0"
    "@ethersproject/hdnode" "^5.4.0"
    "@ethersproject/json-wallets" "^5.4.0"
    "@ethersproject/keccak256" "^5.4.0"
    "@ethersproject/logger" "^5.4.0"
    "@ethersproject/properties" "^5.4.0"
    "@ethersproject/random" "^5.4.0"
    "@ethersproject/signing-key" "^5.4.0"
    "@ethersproject/transactions" "^5.4.0"
    "@ethersproject/wordlists" "^5.4.0"

"@ethersproject/web@^5.4.0", "@ethersproject/web@5.4.0":
  "integrity" "sha512-1bUusGmcoRLYgMn6c1BLk1tOKUIFuTg8j+6N8lYlbMpDesnle+i3pGSagGNvwjaiLo4Y5gBibwctpPRmjrh4Og=="
  "resolved" "https://registry.npmjs.org/@ethersproject/web/-/web-5.4.0.tgz"
  "version" "5.4.0"
  dependencies:
    "@ethersproject/base64" "^5.4.0"
    "@ethersproject/bytes" "^5.4.0"
    "@ethersproject/logger" "^5.4.0"
    "@ethersproject/properties" "^5.4.0"
    "@ethersproject/strings" "^5.4.0"

"@ethersproject/wordlists@^5.4.0", "@ethersproject/wordlists@5.4.0":
  "integrity" "sha512-FemEkf6a+EBKEPxlzeVgUaVSodU7G0Na89jqKjmWMlDB0tomoU8RlEMgUvXyqtrg8N4cwpLh8nyRnm1Nay1isA=="
  "resolved" "https://registry.npmjs.org/@ethersproject/wordlists/-/wordlists-5.4.0.tgz"
  "version" "5.4.0"
  dependencies:
    "@ethersproject/bytes" "^5.4.0"
    "@ethersproject/hash" "^5.4.0"
    "@ethersproject/logger" "^5.4.0"
    "@ethersproject/properties" "^5.4.0"
    "@ethersproject/strings" "^5.4.0"

"@meterio/devkit@^1.6.12":
  "integrity" "sha512-ObZHJCgPdod0vTOht/ldvxyaCgMLuUkHYzDdN+NdbBGY1xcLaeLpRPrHv4BFOncQGekU4GdGg/apXfRs5qVmPw=="
  "resolved" "https://registry.npmjs.org/@meterio/devkit/-/devkit-1.6.12.tgz"
  "version" "1.6.12"
  dependencies:
    "aes-js" "^3.1.2"
    "bignumber.js" "^9.0.2"
    "blakejs" "^1.1.2"
    "elliptic" "^6.5.4"
    "ethers" "^4.0.44"
    "fast-json-stable-stringify" "^2.1.0"
    "js-sha3" "^0.8.0"
    "rlp" "^3.0.0"
    "scrypt-js" "^2.0.4"
    "uuid" "^8.3.2"

"@types/bn.js@^5.1.0":
  "integrity" "sha512-qNrYbZqMx0uJAfKnKclPh+dTwK33KfLHYqtyODwd5HnXOjnkhc4qgn3BrK6RWyGZm5+sIFE7Q7Vz6QQtJB7w7g=="
  "resolved" "https://registry.npmjs.org/@types/bn.js/-/bn.js-5.1.1.tgz"
  "version" "5.1.1"
  dependencies:
    "@types/node" "*"

"@types/node@*":
  "integrity" "sha512-CRpX21/kGdzjOpFsZSkcrXMGIBWMGNIHXXBVFSH+ggkftxg+XYP20TESbh+zFvFj3EQOl5byk0HTRn1IL6hbqg=="
  "resolved" "https://registry.npmjs.org/@types/node/-/node-18.11.9.tgz"
  "version" "18.11.9"

"@types/pbkdf2@^3.0.0":
  "integrity" "sha512-Cf63Rv7jCQ0LaL8tNXmEyqTHuIJxRdlS5vMh1mj5voN4+QFhVZnlZruezqpWYDiJ8UTzhP0VmeLXCmBk66YrMQ=="
  "resolved" "https://registry.npmjs.org/@types/pbkdf2/-/pbkdf2-3.1.0.tgz"
  "version" "3.1.0"
  dependencies:
    "@types/node" "*"

"@types/secp256k1@^4.0.1":
  "integrity" "sha512-Da66lEIFeIz9ltsdMZcpQvmrmmoqrfju8pm1BH8WbYjZSwUgCwXLb9C+9XYogwBITnbsSaMdVPb2ekf7TV+03w=="
  "resolved" "https://registry.npmjs.org/@types/secp256k1/-/secp256k1-4.0.3.tgz"
  "version" "4.0.3"
  dependencies:
    "@types/node" "*"

"aes-js@^3.1.2":
  "integrity" "sha512-e5pEa2kBnBOgR4Y/p20pskXI74UEz7de8ZGVo58asOtvSVG5YAbJeELPZxOmt+Bnz3rX753YKhfIn4X4l1PPRQ=="
  "resolved" "https://registry.npmjs.org/aes-js/-/aes-js-3.1.2.tgz"
  "version" "3.1.2"

"aes-js@3.0.0":
  "integrity" "sha1-4h3xCtbCBTKVvLuNq0Cwnb6ofk0="
  "resolved" "https://registry.npmjs.org/aes-js/-/aes-js-3.0.0.tgz"
  "version" "3.0.0"

"axios@^0.23.0":
  "integrity" "sha512-NmvAE4i0YAv5cKq8zlDoPd1VLKAqX5oLuZKs8xkJa4qi6RGn0uhCYFjWtHHC9EM/MwOwYWOs53W+V0aqEXq1sg=="
  "resolved" "https://registry.npmjs.org/axios/-/axios-0.23.0.tgz"
  "version" "0.23.0"
  dependencies:
    "follow-redirects" "^1.14.4"

"b4a@^1.0.1":
  "integrity" "sha512-AsKjNhz72yxteo/0EtQEiwkMUgk/tGmycXlbG4g3Ard2/ULtNLUykGOkeK0egmN27h0xMAhb76jYccW+XTBExA=="
  "resolved" "https://registry.npmjs.org/b4a/-/b4a-1.6.1.tgz"
  "version" "1.6.1"

"base-x@^3.0.2":
  "integrity" "sha512-H7JU6iBHTal1gp56aKoaa//YUxEaAOUiydvrV/pILqIHXTtqxSkATOnDA2u+jZ/61sD+L/412+7kzXRtWukhpQ=="
  "resolved" "https://registry.npmjs.org/base-x/-/base-x-3.0.9.tgz"
  "version" "3.0.9"
  dependencies:
    "safe-buffer" "^5.0.1"

"bech32@1.1.4":
  "integrity" "sha512-s0IrSOzLlbvX7yp4WBfPITzpAU8sqQcpsmwXDiKwrG4r491vwCO/XpejasRNl0piBMe/DvP4Tz0mIS/X1DPJBQ=="
  "resolved" "https://registry.npmjs.org/bech32/-/bech32-1.1.4.tgz"
  "version" "1.1.4"

"bignumber.js@^9.0.2":
  "integrity" "sha512-4LwHK4nfDOraBCtst+wOWIHbu1vhvAPJK8g8nROd4iuc3PSEjWif/qwbkh8jwCJz6yDBvtU4KPynETgrfh7y3A=="
  "resolved" "https://registry.npmjs.org/bignumber.js/-/bignumber.js-9.1.0.tgz"
  "version" "9.1.0"

"blake2b-wasm@^2.4.0":
  "integrity" "sha512-S1kwmW2ZhZFFFOghcx73+ZajEfKBqhP82JMssxtLVMxlaPea1p9uoLiUZ5WYyHn0KddwbLc+0vh4wR0KBNoT5w=="
  "resolved" "https://registry.npmjs.org/blake2b-wasm/-/blake2b-wasm-2.4.0.tgz"
  "version" "2.4.0"
  dependencies:
    "b4a" "^1.0.1"
    "nanoassert" "^2.0.0"

"blake2b@^2.1.4":
  "integrity" "sha512-AyBuuJNI64gIvwx13qiICz6H6hpmjvYS5DGkG6jbXMOT8Z3WUJ3V1X0FlhIoT1b/5JtHE3ki+xjtMvu1nn+t9A=="
  "resolved" "https://registry.npmjs.org/blake2b/-/blake2b-2.1.4.tgz"
  "version" "2.1.4"
  dependencies:
    "blake2b-wasm" "^2.4.0"
    "nanoassert" "^2.0.0"

"blakejs@^1.1.0", "blakejs@^1.1.2":
  "integrity" "sha512-QXUSXI3QVc/gJME0dBpXrag1kbzOqCjCX8/b54ntNyW6sjtoqxqRk3LTmXzaJoh71zMsDCjM+47jS7XiwN/+fQ=="
  "resolved" "https://registry.npmjs.org/blakejs/-/blakejs-1.2.1.tgz"
  "version" "1.2.1"

"bn.js@^4.11.9":
  "integrity" "sha512-c98Bf3tPniI+scsdk237ku1Dc3ujXQTSgyiPUDEOe7tRkhrqridvh8klBv0HCEso1OLOYcHuCv/cS6DNxKH+ZA=="
  "resolved" "https://registry.npmjs.org/bn.js/-/bn.js-4.12.0.tgz"
  "version" "4.12.0"

"bn.js@^5.1.2", "bn.js@^5.2.0":
  "integrity" "sha512-eXRvHzWyYPBuB4NBy0cmYQjGitUrtqwbvlzP3G6VFnNRbsZQIxQ10PbKKHt8gZ/HW/D/747aDl+QkDqg3KQLMQ=="
  "resolved" "https://registry.npmjs.org/bn.js/-/bn.js-5.2.1.tgz"
  "version" "5.2.1"

"brorand@^1.1.0":
  "integrity" "sha1-EsJe/kCkXjwyPrhnWgoM5XsiNx8="
  "resolved" "https://registry.npmjs.org/brorand/-/brorand-1.1.0.tgz"
  "version" "1.1.0"

"browserify-aes@^1.2.0":
  "integrity" "sha512-+7CHXqGuspUn/Sl5aO7Ea0xWGAtETPXNSAjHo48JfLdPWcMng33Xe4znFvQweqc/uzk5zSOI3H52CYnjCfb5hA=="
  "resolved" "https://registry.npmjs.org/browserify-aes/-/browserify-aes-1.2.0.tgz"
  "version" "1.2.0"
  dependencies:
    "buffer-xor" "^1.0.3"
    "cipher-base" "^1.0.0"
    "create-hash" "^1.1.0"
    "evp_bytestokey" "^1.0.3"
    "inherits" "^2.0.1"
    "safe-buffer" "^5.0.1"

"bs58@^4.0.0":
  "integrity" "sha512-Ok3Wdf5vOIlBrgCvTq96gBkJw+JUEzdBgyaza5HLtPm7yTHkjRy8+JzNyHF7BHa0bNWOQIp3m5YF0nnFcOIKLw=="
  "resolved" "https://registry.npmjs.org/bs58/-/bs58-4.0.1.tgz"
  "version" "4.0.1"
  dependencies:
    "base-x" "^3.0.2"

"bs58check@^2.1.2":
  "integrity" "sha512-0TS1jicxdU09dwJMNZtVAfzPi6Q6QeN0pM1Fkzrjn+XYHvzMKPU3pHVpva+769iNVSfIYWf7LJ6WR+BuuMf8cA=="
  "resolved" "https://registry.npmjs.org/bs58check/-/bs58check-2.1.2.tgz"
  "version" "2.1.2"
  dependencies:
    "bs58" "^4.0.0"
    "create-hash" "^1.1.0"
    "safe-buffer" "^5.1.2"

"buffer-xor@^1.0.3":
  "integrity" "sha512-571s0T7nZWK6vB67HI5dyUF7wXiNcfaPPPTl6zYCNApANjIvYJTg7hlud/+cJpdAhS7dVzqMLmfhfHR3rAcOjQ=="
  "resolved" "https://registry.npmjs.org/buffer-xor/-/buffer-xor-1.0.3.tgz"
  "version" "1.0.3"

"cipher-base@^1.0.0", "cipher-base@^1.0.1", "cipher-base@^1.0.3":
  "integrity" "sha512-Kkht5ye6ZGmwv40uUDZztayT2ThLQGfnj/T71N/XzeZeo3nf8foyW7zGTsPYkEya3m5f3cAypH+qe7YOrM1U2Q=="
  "resolved" "https://registry.npmjs.org/cipher-base/-/cipher-base-1.0.4.tgz"
  "version" "1.0.4"
  dependencies:
    "inherits" "^2.0.1"
    "safe-buffer" "^5.0.1"

"create-hash@^1.1.0", "create-hash@^1.1.2", "create-hash@^1.2.0":
  "integrity" "sha512-z00bCGNHDG8mHAkP7CtT1qVu+bFQUPjYq/4Iv3C3kWjTFV10zIjfSoeqXo9Asws8gwSHDGj/hl2u4OGIjapeCg=="
  "resolved" "https://registry.npmjs.org/create-hash/-/create-hash-1.2.0.tgz"
  "version" "1.2.0"
  dependencies:
    "cipher-base" "^1.0.1"
    "inherits" "^2.0.1"
    "md5.js" "^1.3.4"
    "ripemd160" "^2.0.1"
    "sha.js" "^2.4.0"

"create-hmac@^1.1.4", "create-hmac@^1.1.7":
  "integrity" "sha512-MJG9liiZ+ogc4TzUwuvbER1JRdgvUFSB5+VR/g5h82fGaIRWMWddtKBHi7/sVhfjQZ6SehlyhvQYrcYkaUIpLg=="
  "resolved" "https://registry.npmjs.org/create-hmac/-/create-hmac-1.1.7.tgz"
  "version" "1.1.7"
  dependencies:
    "cipher-base" "^1.0.3"
    "create-hash" "^1.1.0"
    "inherits" "^2.0.1"
    "ripemd160" "^2.0.0"
    "safe-buffer" "^5.0.1"
    "sha.js" "^2.4.8"

"elliptic@^6.5.4", "elliptic@6.5.4":
  "integrity" "sha512-iLhC6ULemrljPZb+QutR5TQGB+pdW6KGD5RSegS+8sorOZT+rdQFbsQFJgvN3eRqNALqJer4oQ16YvJHlU8hzQ=="
  "resolved" "https://registry.npmjs.org/elliptic/-/elliptic-6.5.4.tgz"
  "version" "6.5.4"
  dependencies:
    "bn.js" "^4.11.9"
    "brorand" "^1.1.0"
    "hash.js" "^1.0.0"
    "hmac-drbg" "^1.0.1"
    "inherits" "^2.0.4"
    "minimalistic-assert" "^1.0.1"
    "minimalistic-crypto-utils" "^1.0.1"

"ethereum-cryptography@^0.1.3":
  "integrity" "sha512-w8/4x1SGGzc+tO97TASLja6SLd3fRIK2tLVcV2Gx4IB21hE19atll5Cq9o3d0ZmAYC/8aw0ipieTSiekAea4SQ=="
  "resolved" "https://registry.npmjs.org/ethereum-cryptography/-/ethereum-cryptography-0.1.3.tgz"
  "version" "0.1.3"
  dependencies:
    "@types/pbkdf2" "^3.0.0"
    "@types/secp256k1" "^4.0.1"
    "blakejs" "^1.1.0"
    "browserify-aes" "^1.2.0"
    "bs58check" "^2.1.2"
    "create-hash" "^1.2.0"
    "create-hmac" "^1.1.7"
    "hash.js" "^1.1.7"
    "keccak" "^3.0.0"
    "pbkdf2" "^3.0.17"
    "randombytes" "^2.1.0"
    "safe-buffer" "^5.1.2"
    "scrypt-js" "^3.0.0"
    "secp256k1" "^4.0.1"
    "setimmediate" "^1.0.5"

"ethereumjs-util@^7.1.2":
  "integrity" "sha512-SDl5kKrQAudFBUe5OJM9Ac6WmMyYmXX/6sTmLZ3ffG2eY6ZIGBes3pEDxNN6V72WyOw4CPD5RomKdsa8DAAwLg=="
  "resolved" "https://registry.npmjs.org/ethereumjs-util/-/ethereumjs-util-7.1.5.tgz"
  "version" "7.1.5"
  dependencies:
    "@types/bn.js" "^5.1.0"
    "bn.js" "^5.1.2"
    "create-hash" "^1.1.2"
    "ethereum-cryptography" "^0.1.3"
    "rlp" "^2.2.4"

"ethereumjs-wallet@^1.0.2":
  "integrity" "sha512-CCWV4RESJgRdHIvFciVQFnCHfqyhXWchTPlkfp28Qc53ufs+doi5I/cV2+xeK9+qEo25XCWfP9MiL+WEPAZfdA=="
  "resolved" "https://registry.npmjs.org/ethereumjs-wallet/-/ethereumjs-wallet-1.0.2.tgz"
  "version" "1.0.2"
  dependencies:
    "aes-js" "^3.1.2"
    "bs58check" "^2.1.2"
    "ethereum-cryptography" "^0.1.3"
    "ethereumjs-util" "^7.1.2"
    "randombytes" "^2.1.0"
    "scrypt-js" "^3.0.1"
    "utf8" "^3.0.0"
    "uuid" "^8.3.2"

"ethers@^4.0.44":
  "integrity" "sha512-kPltTvWiyu+OktYy1IStSO16i2e7cS9D9OxZ81q2UUaiNPVrm/RTcbxamCXF9VUSKzJIdJV68EAIhTEVBalRWg=="
  "resolved" "https://registry.npmjs.org/ethers/-/ethers-4.0.49.tgz"
  "version" "4.0.49"
  dependencies:
    "aes-js" "3.0.0"
    "bn.js" "^4.11.9"
    "elliptic" "6.5.4"
    "hash.js" "1.1.3"
    "js-sha3" "0.5.7"
    "scrypt-js" "2.0.4"
    "setimmediate" "1.0.4"
    "uuid" "2.0.1"
    "xmlhttprequest" "1.8.0"

"ethers@^5.4.7":
  "integrity" "sha512-iZc5p2nqfWK1sj8RabwsPM28cr37Bpq7ehTQ5rWExBr2Y09Sn1lDKZOED26n+TsZMye7Y6mIgQ/1cwpSD8XZew=="
  "resolved" "https://registry.npmjs.org/ethers/-/ethers-5.4.7.tgz"
  "version" "5.4.7"
  dependencies:
    "@ethersproject/abi" "5.4.1"
    "@ethersproject/abstract-provider" "5.4.1"
    "@ethersproject/abstract-signer" "5.4.1"
    "@ethersproject/address" "5.4.0"
    "@ethersproject/base64" "5.4.0"
    "@ethersproject/basex" "5.4.0"
    "@ethersproject/bignumber" "5.4.2"
    "@ethersproject/bytes" "5.4.0"
    "@ethersproject/constants" "5.4.0"
    "@ethersproject/contracts" "5.4.1"
    "@ethersproject/hash" "5.4.0"
    "@ethersproject/hdnode" "5.4.0"
    "@ethersproject/json-wallets" "5.4.0"
    "@ethersproject/keccak256" "5.4.0"
    "@ethersproject/logger" "5.4.1"
    "@ethersproject/networks" "5.4.2"
    "@ethersproject/pbkdf2" "5.4.0"
    "@ethersproject/properties" "5.4.1"
    "@ethersproject/providers" "5.4.5"
    "@ethersproject/random" "5.4.0"
    "@ethersproject/rlp" "5.4.0"
    "@ethersproject/sha2" "5.4.0"
    "@ethersproject/signing-key" "5.4.0"
    "@ethersproject/solidity" "5.4.0"
    "@ethersproject/strings" "5.4.0"
    "@ethersproject/transactions" "5.4.0"
    "@ethersproject/units" "5.4.0"
    "@ethersproject/wallet" "5.4.0"
    "@ethersproject/web" "5.4.0"
    "@ethersproject/wordlists" "5.4.0"

"evp_bytestokey@^1.0.3":
  "integrity" "sha512-/f2Go4TognH/KvCISP7OUsHn85hT9nUkxxA9BEWxFn+Oj9o8ZNLm/40hdlgSLyuOimsrTKLUMEorQexp/aPQeA=="
  "resolved" "https://registry.npmjs.org/evp_bytestokey/-/evp_bytestokey-1.0.3.tgz"
  "version" "1.0.3"
  dependencies:
    "md5.js" "^1.3.4"
    "safe-buffer" "^5.1.1"

"fast-json-stable-stringify@^2.1.0":
  "integrity" "sha512-lhd/wF+Lk98HZoTCtlVraHtfh5XYijIjalXck7saUtuanSDyLMxnHhSXEDJqHxD7msR8D0uCmqlkwjCV8xvwHw=="
  "resolved" "https://registry.npmjs.org/fast-json-stable-stringify/-/fast-json-stable-stringify-2.1.0.tgz"
  "version" "2.1.0"

"follow-redirects@^1.14.4":
  "integrity" "sha512-zwGkiSXC1MUJG/qmeIFH2HBJx9u0V46QGUe3YR1fXG8bXQxq7fLj0RjLZQ5nubr9qNJUZrH+xUcwXEoXNpfS+g=="
  "resolved" "https://registry.npmjs.org/follow-redirects/-/follow-redirects-1.14.4.tgz"
  "version" "1.14.4"

"hash-base@^3.0.0":
  "integrity" "sha512-1nmYp/rhMDiE7AYkDw+lLwlAzz0AntGIe51F3RfFfEqyQ3feY2eI/NcwC6umIQVOASPMsWJLJScWKSSvzL9IVA=="
  "resolved" "https://registry.npmjs.org/hash-base/-/hash-base-3.1.0.tgz"
  "version" "3.1.0"
  dependencies:
    "inherits" "^2.0.4"
    "readable-stream" "^3.6.0"
    "safe-buffer" "^5.2.0"

"hash.js@^1.0.0", "hash.js@^1.0.3", "hash.js@^1.1.7", "hash.js@1.1.7":
  "integrity" "sha512-taOaskGt4z4SOANNseOviYDvjEJinIkRgmp7LbKP2YTTmVxWBl87s/uzK9r+44BclBSp2X7K1hqeNfz9JbBeXA=="
  "resolved" "https://registry.npmjs.org/hash.js/-/hash.js-1.1.7.tgz"
  "version" "1.1.7"
  dependencies:
    "inherits" "^2.0.3"
    "minimalistic-assert" "^1.0.1"

"hash.js@1.1.3":
  "integrity" "sha512-/UETyP0W22QILqS+6HowevwhEFJ3MBJnwTf75Qob9Wz9t0DPuisL8kW8YZMK62dHAKE1c1p+gY1TtOLY+USEHA=="
  "resolved" "https://registry.npmjs.org/hash.js/-/hash.js-1.1.3.tgz"
  "version" "1.1.3"
  dependencies:
    "inherits" "^2.0.3"
    "minimalistic-assert" "^1.0.0"

"hmac-drbg@^1.0.1":
  "integrity" "sha1-0nRXAQJabHdabFRXk+1QL8DGSaE="
  "resolved" "https://registry.npmjs.org/hmac-drbg/-/hmac-drbg-1.0.1.tgz"
  "version" "1.0.1"
  dependencies:
    "hash.js" "^1.0.3"
    "minimalistic-assert" "^1.0.0"
    "minimalistic-crypto-utils" "^1.0.1"

"inherits@^2.0.1", "inherits@^2.0.3", "inherits@^2.0.4":
  "integrity" "sha512-k/vGaX4/Yla3WzyMCvTQOXYeIHvqOKtnqBduzTHpzpQZzAskKMhZ2K+EnBiSM9zGSoIFeMpXKxa4dYeZIQqewQ=="
  "resolved" "https://registry.npmjs.org/inherits/-/inherits-2.0.4.tgz"
  "version" "2.0.4"

"js-sha3@^0.8.0":
  "integrity" "sha512-gF1cRrHhIzNfToc802P800N8PpXS+evLLXfsVpowqmAFR9uwbi89WvXg2QspOmXL8QL86J4T1EpFu+yUkwJY3Q=="
  "resolved" "https://registry.npmjs.org/js-sha3/-/js-sha3-0.8.0.tgz"
  "version" "0.8.0"

"js-sha3@0.5.7":
  "integrity" "sha1-DU/9gALVMzqrr0oj7tL2N0yfKOc="
  "resolved" "https://registry.npmjs.org/js-sha3/-/js-sha3-0.5.7.tgz"
  "version" "0.5.7"

"keccak@^3.0.0":
  "integrity" "sha512-PyKKjkH53wDMLGrvmRGSNWgmSxZOUqbnXwKL9tmgbFYA1iAYqW21kfR7mZXV0MlESiefxQQE9X9fTa3X+2MPDQ=="
  "resolved" "https://registry.npmjs.org/keccak/-/keccak-3.0.2.tgz"
  "version" "3.0.2"
  dependencies:
    "node-addon-api" "^2.0.0"
    "node-gyp-build" "^4.2.0"
    "readable-stream" "^3.6.0"

"kleur@^3.0.3":
  "integrity" "sha512-eTIzlVOSUR+JxdDFepEYcBMtZ9Qqdef+rnzWdRZuMbOywu5tO2w2N7rqjoANZ5k9vywhL6Br1VRjUIgTQx4E8w=="
  "resolved" "https://registry.npmjs.org/kleur/-/kleur-3.0.3.tgz"
  "version" "3.0.3"

"md5.js@^1.3.4":
  "integrity" "sha512-xitP+WxNPcTTOgnTJcrhM0xvdPepipPSf3I8EIpGKeFLjt3PlJLIDG3u8EX53ZIubkb+5U2+3rELYpEhHhzdkg=="
  "resolved" "https://registry.npmjs.org/md5.js/-/md5.js-1.3.5.tgz"
  "version" "1.3.5"
  dependencies:
    "hash-base" "^3.0.0"
    "inherits" "^2.0.1"
    "safe-buffer" "^5.1.2"

"minimalistic-assert@^1.0.0", "minimalistic-assert@^1.0.1":
  "integrity" "sha512-UtJcAD4yEaGtjPezWuO9wC4nwUnVH/8/Im3yEHQP4b67cXlD/Qr9hdITCU1xDbSEXg2XKNaP8jsReV7vQd00/A=="
  "resolved" "https://registry.npmjs.org/minimalistic-assert/-/minimalistic-assert-1.0.1.tgz"
  "version" "1.0.1"

"minimalistic-crypto-utils@^1.0.1":
  "integrity" "sha1-9sAMHAsIIkblxNmd+4x8CDsrWCo="
  "resolved" "https://registry.npmjs.org/minimalistic-crypto-utils/-/minimalistic-crypto-utils-1.0.1.tgz"
  "version" "1.0.1"

"nanoassert@^2.0.0":
  "integrity" "sha512-7vO7n28+aYO4J+8w96AzhmU8G+Y/xpPDJz/se19ICsqj/momRbb9mh9ZUtkoJ5X3nTnPdhEJyc0qnM6yAsHBaA=="
  "resolved" "https://registry.npmjs.org/nanoassert/-/nanoassert-2.0.0.tgz"
  "version" "2.0.0"

"node-addon-api@^2.0.0":
  "integrity" "sha512-Ntyt4AIXyaLIuMHF6IOoTakB3K+RWxwtsHNRxllEoA6vPwP9o4866g6YWDLUdnucilZhmkxiHwHr11gAENw+QA=="
  "resolved" "https://registry.npmjs.org/node-addon-api/-/node-addon-api-2.0.2.tgz"
  "version" "2.0.2"

"node-gyp-build@^4.2.0":
  "integrity" "sha512-2iGbaQBV+ITgCz76ZEjmhUKAKVf7xfY1sRl4UiKQspfZMH2h06SyhNsnSVy50cwkFQDGLyif6m/6uFXHkOZ6rg=="
  "resolved" "https://registry.npmjs.org/node-gyp-build/-/node-gyp-build-4.5.0.tgz"
  "version" "4.5.0"

"pbkdf2@^3.0.17":
  "integrity" "sha512-iuh7L6jA7JEGu2WxDwtQP1ddOpaJNC4KlDEFfdQajSGgGPNi4OyDc2R7QnbY2bR9QjBVGwgvTdNJZoE7RaxUMA=="
  "resolved" "https://registry.npmjs.org/pbkdf2/-/pbkdf2-3.1.2.tgz"
  "version" "3.1.2"
  dependencies:
    "create-hash" "^1.1.2"
    "create-hmac" "^1.1.4"
    "ripemd160" "^2.0.1"
    "safe-buffer" "^5.0.1"
    "sha.js" "^2.4.8"

"prompts@^2.4.2":
  "integrity" "sha512-NxNv/kLguCA7p3jE8oL2aEBsrJWgAakBpgmgK6lpPWV+WuOmY6r2/zbAVnP+T8bQlA0nzHXSJSJW0Hq7ylaD2Q=="
  "resolved" "https://registry.npmjs.org/prompts/-/prompts-2.4.2.tgz"
  "version" "2.4.2"
  dependencies:
    "kleur" "^3.0.3"
    "sisteransi" "^1.0.5"

"randombytes@^2.1.0":
  "integrity" "sha512-vYl3iOX+4CKUWuxGi9Ukhie6fsqXqS9FE2Zaic4tNFD2N2QQaXOMFbuKK4QmDHC0JO6B1Zp41J0LpT0oR68amQ=="
  "resolved" "https://registry.npmjs.org/randombytes/-/randombytes-2.1.0.tgz"
  "version" "2.1.0"
  dependencies:
    "safe-buffer" "^5.1.0"

"readable-stream@^3.6.0":
  "integrity" "sha512-BViHy7LKeTz4oNnkcLJ+lVSL6vpiFeX6/d3oSH8zCW7UxP2onchk+vTGB143xuFjHS3deTgkKoXXymXqymiIdA=="
  "resolved" "https://registry.npmjs.org/readable-stream/-/readable-stream-3.6.0.tgz"
  "version" "3.6.0"
  dependencies:
    "inherits" "^2.0.3"
    "string_decoder" "^1.1.1"
    "util-deprecate" "^1.0.1"

"ripemd160@^2.0.0", "ripemd160@^2.0.1":
  "integrity" "sha512-ii4iagi25WusVoiC4B4lq7pbXfAp3D9v5CwfkY33vffw2+pkDjY1D8GaN7spsxvCSx8dkPqOZCEZyfxcmJG2IA=="
  "resolved" "https://registry.npmjs.org/ripemd160/-/ripemd160-2.0.2.tgz"
  "version" "2.0.2"
  dependencies:
    "hash-base" "^3.0.0"
    "inherits" "^2.0.1"

"rlp@^2.2.4":
  "integrity" "sha512-d5gdPmgQ0Z+AklL2NVXr/IoSjNZFfTVvQWzL/AM2AOcSzYP2xjlb0AC8YyCLc41MSNf6P6QVtjgPdmVtzb+4lQ=="
  "resolved" "https://registry.npmjs.org/rlp/-/rlp-2.2.7.tgz"
  "version" "2.2.7"
  dependencies:
    "bn.js" "^5.2.0"

"rlp@^3.0.0":
  "integrity" "sha512-PD6U2PGk6Vq2spfgiWZdomLvRGDreBLxi5jv5M8EpRo3pU6VEm31KO+HFxE18Q3vgqfDrQ9pZA3FP95rkijNKw=="
  "resolved" "https://registry.npmjs.org/rlp/-/rlp-3.0.0.tgz"
  "version" "3.0.0"

"safe-buffer@^5.0.1", "safe-buffer@^5.1.0", "safe-buffer@^5.1.1", "safe-buffer@^5.1.2", "safe-buffer@^5.2.0", "safe-buffer@~5.2.0":
  "integrity" "sha512-rp3So07KcdmmKbGvgaNxQSJr7bGVSVk5S9Eq1F+ppbRo70+YeaDxkw5Dd8NPN+GD6bjnYm2VuPuCXmpuYvmCXQ=="
  "resolved" "https://registry.npmjs.org/safe-buffer/-/safe-buffer-5.2.1.tgz"
  "version" "5.2.1"

"scrypt-js@^2.0.4", "scrypt-js@2.0.4":
  "integrity" "sha512-4KsaGcPnuhtCZQCxFxN3GVYIhKFPTdLd8PLC552XwbMndtD0cjRFAhDuuydXQ0h08ZfPgzqe6EKHozpuH74iDw=="
  "resolved" "https://registry.npmjs.org/scrypt-js/-/scrypt-js-2.0.4.tgz"
  "version" "2.0.4"

"scrypt-js@^3.0.0", "scrypt-js@^3.0.1", "scrypt-js@3.0.1":
  "integrity" "sha512-cdwTTnqPu0Hyvf5in5asVdZocVDTNRmR7XEcJuIzMjJeSHybHl7vpB66AzwTaIg6CLSbtjcxc8fqcySfnTkccA=="
  "resolved" "https://registry.npmjs.org/scrypt-js/-/scrypt-js-3.0.1.tgz"
  "version" "3.0.1"

"secp256k1@^4.0.1":
  "integrity" "sha512-NLZVf+ROMxwtEj3Xa562qgv2BK5e2WNmXPiOdVIPLgs6lyTzMvBq0aWTYMI5XCP9jZMVKOcqZLw/Wc4vDkuxhA=="
  "resolved" "https://registry.npmjs.org/secp256k1/-/secp256k1-4.0.3.tgz"
  "version" "4.0.3"
  dependencies:
    "elliptic" "^6.5.4"
    "node-addon-api" "^2.0.0"
    "node-gyp-build" "^4.2.0"

"setimmediate@^1.0.5":
  "integrity" "sha512-MATJdZp8sLqDl/68LfQmbP8zKPLQNV6BIZoIgrscFDQ+RsvK/BxeDQOgyxKKoh0y/8h3BqVFnCqQ/gd+reiIXA=="
  "resolved" "https://registry.npmjs.org/setimmediate/-/setimmediate-1.0.5.tgz"
  "version" "1.0.5"

"setimmediate@1.0.4":
  "integrity" "sha512-/TjEmXQVEzdod/FFskf3o7oOAsGhHf2j1dZqRFbDzq4F3mvvxflIIi4Hd3bLQE9y/CpwqfSQam5JakI/mi3Pog=="
  "resolved" "https://registry.npmjs.org/setimmediate/-/setimmediate-1.0.4.tgz"
  "version" "1.0.4"

"sha.js@^2.4.0", "sha.js@^2.4.8":
  "integrity" "sha512-QMEp5B7cftE7APOjk5Y6xgrbWu+WkLVQwk8JNjZ8nKRciZaByEW6MubieAiToS7+dwvrjGhH8jRXz3MVd0AYqQ=="
  "resolved" "https://registry.npmjs.org/sha.js/-/sha.js-2.4.11.tgz"
  "version" "2.4.11"
  dependencies:
    "inherits" "^2.0.1"
    "safe-buffer" "^5.0.1"

"sisteransi@^1.0.5":
  "integrity" "sha512-bLGGlR1QxBcynn2d5YmDX4MGjlZvy2MRBDRNHLJ8VI6l6+9FUiyTFNJ0IveOSP0bcXgVDPRcfGqA0pjaqUpfVg=="
  "resolved" "https://registry.npmjs.org/sisteransi/-/sisteransi-1.0.5.tgz"
  "version" "1.0.5"

"string_decoder@^1.1.1":
  "integrity" "sha512-hkRX8U1WjJFd8LsDJ2yQ/wWWxaopEsABU1XfkM8A+j0+85JAGppt16cr1Whg6KIbb4okU6Mql6BOj+uup/wKeA=="
  "resolved" "https://registry.npmjs.org/string_decoder/-/string_decoder-1.3.0.tgz"
  "version" "1.3.0"
  dependencies:
    "safe-buffer" "~5.2.0"

"utf8@^3.0.0":
  "integrity" "sha512-E8VjFIQ/TyQgp+TZfS6l8yp/xWppSAHzidGiRrqe4bK4XP9pTRyKFgGJpO3SN7zdX4DeomTrwaseCHovfpFcqQ=="
  "resolved" "https://registry.npmjs.org/utf8/-/utf8-3.0.0.tgz"
  "version" "3.0.0"

"util-deprecate@^1.0.1":
  "integrity" "sha512-EPD5q1uXyFxJpCrLnCc1nHnq3gOa6DZBocAIiI2TaSCA7VCJ1UJDMagCzIkXNsUYfD1daK//LTEQ8xiIbrHtcw=="
  "resolved" "https://registry.npmjs.org/util-deprecate/-/util-deprecate-1.0.2.tgz"
  "version" "1.0.2"

"uuid@^8.3.2":
  "integrity" "sha512-+NYs2QeMWy+GWFOEm9xnn6HCDp0l7QBD7ml8zLUmJ+93Q5NF0NocErnwkTkXVFNiX3/fpC6afS8Dhb/gz7R7eg=="
  "resolved" "https://registry.npmjs.org/uuid/-/uuid-8.3.2.tgz"
  "version" "8.3.2"

"uuid@2.0.1":
  "integrity" "sha512-nWg9+Oa3qD2CQzHIP4qKUqwNfzKn8P0LtFhotaCTFchsV7ZfDhAybeip/HZVeMIpZi9JgY1E3nUlwaCmZT1sEg=="
  "resolved" "https://registry.npmjs.org/uuid/-/uuid-2.0.1.tgz"
  "version" "2.0.1"

"ws@7.4.6":
  "integrity" "sha512-YmhHDO4MzaDLB+M9ym/mDA5z0naX8j7SIlT8f8z+I0VtzsRbekxEutHSme7NPS2qE8StCYQNUnfWdXta/Yu85A=="
  "resolved" "https://registry.npmjs.org/ws/-/ws-7.4.6.tgz"
  "version" "7.4.6"

"xmlhttprequest@1.8.0":
  "integrity" "sha512-58Im/U0mlVBLM38NdZjHyhuMtCqa61469k2YP/AaPbvCoV9aQGUpbJBj1QRm2ytRiVQBD/fsw7L2bJGDVQswBA=="
  "resolved" "https://registry.npmjs.org/xmlhttprequest/-/xmlhttprequest-1.8.0.tgz"
  "version" "1.8.0"
